
Microsoft Visual Studio Solution File, Format Version 12.00
# Visual Studio 2013
VisualStudioVersion = 12.0.30110.0
MinimumVisualStudioVersion = 10.0.40219.1
Project("{FAE04EC0-301F-11D3-BF4B-00C04F79EFBC}") = "LazyAtHome.WCF.Wash.Business", "LazyAtHome.WCF.Wash.Business\LazyAtHome.WCF.Wash.Business.csproj", "{73C4A6FA-C481-41DA-92D7-00D605D42348}"
EndProject
Project("{FAE04EC0-301F-11D3-BF4B-00C04F79EFBC}") = "LazyAtHome.WCF.Wash.Contract", "LazyAtHome.WCF.Wash.Contract\LazyAtHome.WCF.Wash.Contract.csproj", "{C9BAEBDC-39EE-4EFA-864F-E5CBC49F4F22}"
EndProject
Project("{FAE04EC0-301F-11D3-BF4B-00C04F79EFBC}") = "LazyAtHome.WCF.Wash.DAL", "LazyAtHome.WCF.Wash.DAL\LazyAtHome.WCF.Wash.DAL.csproj", "{FCA79A93-C43F-4376-A350-DE9746CBCB1F}"
EndProject
Project("{FAE04EC0-301F-11D3-BF4B-00C04F79EFBC}") = "LazyAtHome.WCF.Wash.Interface", "LazyAtHome.WCF.Wash.Interface\LazyAtHome.WCF.Wash.Interface.csproj", "{054C9560-3E68-4995-9D1B-25A32F1E87CC}"
EndProject
Project("{FAE04EC0-301F-11D3-BF4B-00C04F79EFBC}") = "LazyAtHome.WCF.Wash.Console_Client", "LazyAtHome.WCF.Wash.Console_Client\LazyAtHome.WCF.Wash.Console_Client.csproj", "{078FEBD7-1801-4B8B-83D0-3C01B0E3CFB7}"
EndProject
Project("{FAE04EC0-301F-11D3-BF4B-00C04F79EFBC}") = "LazyAtHome.WCF.Wash.Console_Server", "LazyAtHome.WCF.Wash.Console_Server\LazyAtHome.WCF.Wash.Console_Server.csproj", "{64201C13-7C10-4301-959B-C27FE201F00D}"
EndProject
Global
	GlobalSection(SolutionConfigurationPlatforms) = preSolution
		Debug|Any CPU = Debug|Any CPU
		Release|Any CPU = Release|Any CPU
	EndGlobalSection
	GlobalSection(ProjectConfigurationPlatforms) = postSolution
		{73C4A6FA-C481-41DA-92D7-00D605D42348}.Debug|Any CPU.ActiveCfg = Debug|Any CPU
		{73C4A6FA-C481-41DA-92D7-00D605D42348}.Debug|Any CPU.Build.0 = Debug|Any CPU
		{73C4A6FA-C481-41DA-92D7-00D605D42348}.Release|Any CPU.ActiveCfg = Release|Any CPU
		{73C4A6FA-C481-41DA-92D7-00D605D42348}.Release|Any CPU.Build.0 = Release|Any CPU
		{C9BAEBDC-39EE-4EFA-864F-E5CBC49F4F22}.Debug|Any CPU.ActiveCfg = Debug|Any CPU
		{C9BAEBDC-39EE-4EFA-864F-E5CBC49F4F22}.Debug|Any CPU.Build.0 = Debug|Any CPU
		{C9BAEBDC-39EE-4EFA-864F-E5CBC49F4F22}.Release|Any CPU.ActiveCfg = Release|Any CPU
		{C9BAEBDC-39EE-4EFA-864F-E5CBC49F4F22}.Release|Any CPU.Build.0 = Release|Any CPU
		{FCA79A93-C43F-4376-A350-DE9746CBCB1F}.Debug|Any CPU.ActiveCfg = Debug|Any CPU
		{FCA79A93-C43F-4376-A350-DE9746CBCB1F}.Debug|Any CPU.Build.0 = Debug|Any CPU
		{FCA79A93-C43F-4376-A350-DE9746CBCB1F}.Release|Any CPU.ActiveCfg = Release|Any CPU
		{FCA79A93-C43F-4376-A350-DE9746CBCB1F}.Release|Any CPU.Build.0 = Release|Any CPU
		{054C9560-3E68-4995-9D1B-25A32F1E87CC}.Debug|Any CPU.ActiveCfg = Debug|Any CPU
		{054C9560-3E68-4995-9D1B-25A32F1E87CC}.Debug|Any CPU.Build.0 = Debug|Any CPU
		{054C9560-3E68-4995-9D1B-25A32F1E87CC}.Release|Any CPU.ActiveCfg = Release|Any CPU
		{054C9560-3E68-4995-9D1B-25A32F1E87CC}.Release|Any CPU.Build.0 = Release|Any CPU
		{078FEBD7-1801-4B8B-83D0-3C01B0E3CFB7}.Debug|Any CPU.ActiveCfg = Debug|Any CPU
		{078FEBD7-1801-4B8B-83D0-3C01B0E3CFB7}.Debug|Any CPU.Build.0 = Debug|Any CPU
		{078FEBD7-1801-4B8B-83D0-3C01B0E3CFB7}.Release|Any CPU.ActiveCfg = Release|Any CPU
		{078FEBD7-1801-4B8B-83D0-3C01B0E3CFB7}.Release|Any CPU.Build.0 = Release|Any CPU
		{64201C13-7C10-4301-959B-C27FE201F00D}.Debug|Any CPU.ActiveCfg = Debug|Any CPU
		{64201C13-7C10-4301-959B-C27FE201F00D}.Debug|Any CPU.Build.0 = Debug|Any CPU
		{64201C13-7C10-4301-959B-C27FE201F00D}.Release|Any CPU.ActiveCfg = Release|Any CPU
		{64201C13-7C10-4301-959B-C27FE201F00D}.Release|Any CPU.Build.0 = Release|Any CPU
	EndGlobalSection
	GlobalSection(SolutionProperties) = preSolution
		HideSolutionNode = FALSE
	EndGlobalSection
	GlobalSection(ExtensibilityGlobals) = postSolution
		VisualSVNWorkingCopyRoot = .
	EndGlobalSection
EndGlobal
