
Microsoft Visual Studio Solution File, Format Version 12.00
# Visual Studio 2013
VisualStudioVersion = 12.0.30110.0
MinimumVisualStudioVersion = 10.0.40219.1
Project("{FAE04EC0-301F-11D3-BF4B-00C04F79EFBC}") = "LazyAtHome.Web.WebManage", "LazyAtHome.Web.WebManage\LazyAtHome.Web.WebManage.csproj", "{7A8D69C9-FD8C-4FB4-A5B8-360DC18F7B5D}"
EndProject
Project("{FAE04EC0-301F-11D3-BF4B-00C04F79EFBC}") = "LazyAtHome.Web.WebManage.Tests", "LazyAtHome.Web.WebManage.Tests\LazyAtHome.Web.WebManage.Tests.csproj", "{3D4AFB5C-6EC3-4865-8DBF-6EDBF6F9D842}"
EndProject
Global
	GlobalSection(SolutionConfigurationPlatforms) = preSolution
		Debug|Any CPU = Debug|Any CPU
		Release|Any CPU = Release|Any CPU
	EndGlobalSection
	GlobalSection(ProjectConfigurationPlatforms) = postSolution
		{7A8D69C9-FD8C-4FB4-A5B8-360DC18F7B5D}.Debug|Any CPU.ActiveCfg = Debug|Any CPU
		{7A8D69C9-FD8C-4FB4-A5B8-360DC18F7B5D}.Debug|Any CPU.Build.0 = Debug|Any CPU
		{7A8D69C9-FD8C-4FB4-A5B8-360DC18F7B5D}.Release|Any CPU.ActiveCfg = Release|Any CPU
		{7A8D69C9-FD8C-4FB4-A5B8-360DC18F7B5D}.Release|Any CPU.Build.0 = Release|Any CPU
		{3D4AFB5C-6EC3-4865-8DBF-6EDBF6F9D842}.Debug|Any CPU.ActiveCfg = Debug|Any CPU
		{3D4AFB5C-6EC3-4865-8DBF-6EDBF6F9D842}.Debug|Any CPU.Build.0 = Debug|Any CPU
		{3D4AFB5C-6EC3-4865-8DBF-6EDBF6F9D842}.Release|Any CPU.ActiveCfg = Release|Any CPU
		{3D4AFB5C-6EC3-4865-8DBF-6EDBF6F9D842}.Release|Any CPU.Build.0 = Release|Any CPU
	EndGlobalSection
	GlobalSection(SolutionProperties) = preSolution
		HideSolutionNode = FALSE
	EndGlobalSection
	GlobalSection(ExtensibilityGlobals) = postSolution
		VisualSVNWorkingCopyRoot = .
	EndGlobalSection
EndGlobal
